
Microsoft Visual Studio Solution File, Format Version 12.00
# Visual Studio Version 16
VisualStudioVersion = 16.0.30225.117
MinimumVisualStudioVersion = 10.0.40219.1
Project("{9A19103F-16F7-4668-BE54-9A1E7A4F7556}") = "Programming Basics Online Exam - 28 and 29 March 2020", "Programming Basics Online Exam - 28 and 29 March 2020.csproj", "{6AEF5799-4BB4-49A3-9358-0F67109D32A2}"
EndProject
Project("{9A19103F-16F7-4668-BE54-9A1E7A4F7556}") = "SchoolSupplies", "..\SchoolSupplies\SchoolSupplies.csproj", "{EA3FAAFE-F730-492F-9A50-3E3F58A021BE}"
EndProject
Project("{9A19103F-16F7-4668-BE54-9A1E7A4F7556}") = "CatWalking", "..\CatWalking\CatWalking.csproj", "{1981EEF0-6EA7-4D6A-857A-4AE8E745B076}"
EndProject
Project("{9A19103F-16F7-4668-BE54-9A1E7A4F7556}") = "Trekking", "..\Trekking\Trekking.csproj", "{E8B63B0B-916B-4C6D-A740-6E4CCECEBBF5}"
EndProject
Project("{FAE04EC0-301F-11D3-BF4B-00C04F79EFBC}") = "energyBooster", "..\energyBooster\energyBooster.csproj", "{7B177D39-5C57-41BC-B734-08AFD3B89F99}"
EndProject
Project("{FAE04EC0-301F-11D3-BF4B-00C04F79EFBC}") = "fitnessCard", "..\fitnessCard\fitnessCard.csproj", "{35227B6F-3FB4-4431-A352-1D3E7DCA98DA}"
EndProject
Project("{FAE04EC0-301F-11D3-BF4B-00C04F79EFBC}") = "foodForPets", "..\foodForPets\foodForPets.csproj", "{1DC74795-C906-4DD9-A616-7936F2F82849}"
EndProject
Project("{FAE04EC0-301F-11D3-BF4B-00C04F79EFBC}") = "TrekkingMania", "..\TrekkingMania\TrekkingMania.csproj", "{506E2471-C889-4BE9-B430-632F74A8AD77}"
EndProject
Project("{FAE04EC0-301F-11D3-BF4B-00C04F79EFBC}") = "careForPuppy", "..\careForPuppy\careForPuppy.csproj", "{28A5B778-F9AA-4081-982E-1B3EF722C577}"
EndProject
Project("{FAE04EC0-301F-11D3-BF4B-00C04F79EFBC}") = "suitcasesLoad", "..\suitcasesLoad\suitcasesLoad.csproj", "{85973FB3-F770-4ED4-AF04-680EC4126AE2}"
EndProject
Project("{FAE04EC0-301F-11D3-BF4B-00C04F79EFBC}") = "ChristmasTournament", "..\ChristmasTournament\ChristmasTournament.csproj", "{AE7A68B6-6D1E-401B-93BF-853F7221C558}"
EndProject
Global
	GlobalSection(SolutionConfigurationPlatforms) = preSolution
		Debug|Any CPU = Debug|Any CPU
		Release|Any CPU = Release|Any CPU
	EndGlobalSection
	GlobalSection(ProjectConfigurationPlatforms) = postSolution
		{6AEF5799-4BB4-49A3-9358-0F67109D32A2}.Debug|Any CPU.ActiveCfg = Debug|Any CPU
		{6AEF5799-4BB4-49A3-9358-0F67109D32A2}.Debug|Any CPU.Build.0 = Debug|Any CPU
		{6AEF5799-4BB4-49A3-9358-0F67109D32A2}.Release|Any CPU.ActiveCfg = Release|Any CPU
		{6AEF5799-4BB4-49A3-9358-0F67109D32A2}.Release|Any CPU.Build.0 = Release|Any CPU
		{EA3FAAFE-F730-492F-9A50-3E3F58A021BE}.Debug|Any CPU.ActiveCfg = Debug|Any CPU
		{EA3FAAFE-F730-492F-9A50-3E3F58A021BE}.Debug|Any CPU.Build.0 = Debug|Any CPU
		{EA3FAAFE-F730-492F-9A50-3E3F58A021BE}.Release|Any CPU.ActiveCfg = Release|Any CPU
		{EA3FAAFE-F730-492F-9A50-3E3F58A021BE}.Release|Any CPU.Build.0 = Release|Any CPU
		{1981EEF0-6EA7-4D6A-857A-4AE8E745B076}.Debug|Any CPU.ActiveCfg = Debug|Any CPU
		{1981EEF0-6EA7-4D6A-857A-4AE8E745B076}.Debug|Any CPU.Build.0 = Debug|Any CPU
		{1981EEF0-6EA7-4D6A-857A-4AE8E745B076}.Release|Any CPU.ActiveCfg = Release|Any CPU
		{1981EEF0-6EA7-4D6A-857A-4AE8E745B076}.Release|Any CPU.Build.0 = Release|Any CPU
		{E8B63B0B-916B-4C6D-A740-6E4CCECEBBF5}.Debug|Any CPU.ActiveCfg = Debug|Any CPU
		{E8B63B0B-916B-4C6D-A740-6E4CCECEBBF5}.Debug|Any CPU.Build.0 = Debug|Any CPU
		{E8B63B0B-916B-4C6D-A740-6E4CCECEBBF5}.Release|Any CPU.ActiveCfg = Release|Any CPU
		{E8B63B0B-916B-4C6D-A740-6E4CCECEBBF5}.Release|Any CPU.Build.0 = Release|Any CPU
		{7B177D39-5C57-41BC-B734-08AFD3B89F99}.Debug|Any CPU.ActiveCfg = Debug|Any CPU
		{7B177D39-5C57-41BC-B734-08AFD3B89F99}.Debug|Any CPU.Build.0 = Debug|Any CPU
		{7B177D39-5C57-41BC-B734-08AFD3B89F99}.Release|Any CPU.ActiveCfg = Release|Any CPU
		{7B177D39-5C57-41BC-B734-08AFD3B89F99}.Release|Any CPU.Build.0 = Release|Any CPU
		{35227B6F-3FB4-4431-A352-1D3E7DCA98DA}.Debug|Any CPU.ActiveCfg = Debug|Any CPU
		{35227B6F-3FB4-4431-A352-1D3E7DCA98DA}.Debug|Any CPU.Build.0 = Debug|Any CPU
		{35227B6F-3FB4-4431-A352-1D3E7DCA98DA}.Release|Any CPU.ActiveCfg = Release|Any CPU
		{35227B6F-3FB4-4431-A352-1D3E7DCA98DA}.Release|Any CPU.Build.0 = Release|Any CPU
		{1DC74795-C906-4DD9-A616-7936F2F82849}.Debug|Any CPU.ActiveCfg = Debug|Any CPU
		{1DC74795-C906-4DD9-A616-7936F2F82849}.Debug|Any CPU.Build.0 = Debug|Any CPU
		{1DC74795-C906-4DD9-A616-7936F2F82849}.Release|Any CPU.ActiveCfg = Release|Any CPU
		{1DC74795-C906-4DD9-A616-7936F2F82849}.Release|Any CPU.Build.0 = Release|Any CPU
		{506E2471-C889-4BE9-B430-632F74A8AD77}.Debug|Any CPU.ActiveCfg = Debug|Any CPU
		{506E2471-C889-4BE9-B430-632F74A8AD77}.Debug|Any CPU.Build.0 = Debug|Any CPU
		{506E2471-C889-4BE9-B430-632F74A8AD77}.Release|Any CPU.ActiveCfg = Release|Any CPU
		{506E2471-C889-4BE9-B430-632F74A8AD77}.Release|Any CPU.Build.0 = Release|Any CPU
		{28A5B778-F9AA-4081-982E-1B3EF722C577}.Debug|Any CPU.ActiveCfg = Debug|Any CPU
		{28A5B778-F9AA-4081-982E-1B3EF722C577}.Debug|Any CPU.Build.0 = Debug|Any CPU
		{28A5B778-F9AA-4081-982E-1B3EF722C577}.Release|Any CPU.ActiveCfg = Release|Any CPU
		{28A5B778-F9AA-4081-982E-1B3EF722C577}.Release|Any CPU.Build.0 = Release|Any CPU
		{85973FB3-F770-4ED4-AF04-680EC4126AE2}.Debug|Any CPU.ActiveCfg = Debug|Any CPU
		{85973FB3-F770-4ED4-AF04-680EC4126AE2}.Debug|Any CPU.Build.0 = Debug|Any CPU
		{85973FB3-F770-4ED4-AF04-680EC4126AE2}.Release|Any CPU.ActiveCfg = Release|Any CPU
		{85973FB3-F770-4ED4-AF04-680EC4126AE2}.Release|Any CPU.Build.0 = Release|Any CPU
		{AE7A68B6-6D1E-401B-93BF-853F7221C558}.Debug|Any CPU.ActiveCfg = Debug|Any CPU
		{AE7A68B6-6D1E-401B-93BF-853F7221C558}.Debug|Any CPU.Build.0 = Debug|Any CPU
		{AE7A68B6-6D1E-401B-93BF-853F7221C558}.Release|Any CPU.ActiveCfg = Release|Any CPU
		{AE7A68B6-6D1E-401B-93BF-853F7221C558}.Release|Any CPU.Build.0 = Release|Any CPU
	EndGlobalSection
	GlobalSection(SolutionProperties) = preSolution
		HideSolutionNode = FALSE
	EndGlobalSection
	GlobalSection(ExtensibilityGlobals) = postSolution
		SolutionGuid = {190820CB-4B2F-46E7-8DA8-F7704A72433A}
	EndGlobalSection
EndGlobal
