
Microsoft Visual Studio Solution File, Format Version 12.00
# Visual Studio Version 16
VisualStudioVersion = 16.0.30225.117
MinimumVisualStudioVersion = 10.0.40219.1
Project("{FAE04EC0-301F-11D3-BF4B-00C04F79EFBC}") = "ConditionalStatementsExercise1", "ConditionalStatementsExercise1.csproj", "{E8225EC3-42D0-443A-AD9F-38ABB1535246}"
EndProject
Global
	GlobalSection(SolutionConfigurationPlatforms) = preSolution
		Debug|Any CPU = Debug|Any CPU
		Release|Any CPU = Release|Any CPU
	EndGlobalSection
	GlobalSection(ProjectConfigurationPlatforms) = postSolution
		{E8225EC3-42D0-443A-AD9F-38ABB1535246}.Debug|Any CPU.ActiveCfg = Debug|Any CPU
		{E8225EC3-42D0-443A-AD9F-38ABB1535246}.Debug|Any CPU.Build.0 = Debug|Any CPU
		{E8225EC3-42D0-443A-AD9F-38ABB1535246}.Release|Any CPU.ActiveCfg = Release|Any CPU
		{E8225EC3-42D0-443A-AD9F-38ABB1535246}.Release|Any CPU.Build.0 = Release|Any CPU
	EndGlobalSection
	GlobalSection(SolutionProperties) = preSolution
		HideSolutionNode = FALSE
	EndGlobalSection
	GlobalSection(ExtensibilityGlobals) = postSolution
		SolutionGuid = {5CB4317B-CA6D-4545-AE27-91A4ADCD6E0C}
	EndGlobalSection
EndGlobal
